
Microsoft Visual Studio Solution File, Format Version 12.00
# Visual Studio Version 16
VisualStudioVersion = 16.0.31410.357
MinimumVisualStudioVersion = 10.0.40219.1
Project("{FAE04EC0-301F-11D3-BF4B-00C04F79EFBC}") = "HelloWorld", "HelloWorld.csproj", "{B89AA094-168C-4702-85CC-F05FA1AFE8A1}"
EndProject
Global
	GlobalSection(SolutionConfigurationPlatforms) = preSolution
		Debug|Any CPU = Debug|Any CPU
		Release|Any CPU = Release|Any CPU
	EndGlobalSection
	GlobalSection(ProjectConfigurationPlatforms) = postSolution
		{B89AA094-168C-4702-85CC-F05FA1AFE8A1}.Debug|Any CPU.ActiveCfg = Debug|Any CPU
		{B89AA094-168C-4702-85CC-F05FA1AFE8A1}.Debug|Any CPU.Build.0 = Debug|Any CPU
		{B89AA094-168C-4702-85CC-F05FA1AFE8A1}.Release|Any CPU.ActiveCfg = Release|Any CPU
		{B89AA094-168C-4702-85CC-F05FA1AFE8A1}.Release|Any CPU.Build.0 = Release|Any CPU
	EndGlobalSection
	GlobalSection(SolutionProperties) = preSolution
		HideSolutionNode = FALSE
	EndGlobalSection
	GlobalSection(ExtensibilityGlobals) = postSolution
		SolutionGuid = {B2B89DBB-3994-4462-85AC-0B284277F1DA}
	EndGlobalSection
EndGlobal
